
Microsoft Visual Studio Solution File, Format Version 12.00
# Visual Studio Version 17
VisualStudioVersion = 17.2.32505.173
MinimumVisualStudioVersion = 10.0.40219.1
Project("{FAE04EC0-301F-11D3-BF4B-00C04F79EFBC}") = "01_Train", "01_Train\01_Train.csproj", "{E51EECE1-A357-44A0-A352-E30CC77FB259}"
EndProject
Project("{FAE04EC0-301F-11D3-BF4B-00C04F79EFBC}") = "02_Comon_Elements", "02_Comon_Elements\02_Comon_Elements.csproj", "{253C3415-04A9-4C0A-AFF1-F58105B48E63}"
EndProject
Project("{FAE04EC0-301F-11D3-BF4B-00C04F79EFBC}") = "03_Zig_Zag_Array", "03_Zig_Zag_Array\03_Zig_Zag_Array.csproj", "{4C496F28-4C20-4A1C-9FA3-B14B1E773D7A}"
EndProject
Project("{FAE04EC0-301F-11D3-BF4B-00C04F79EFBC}") = "04_Array_Rotation", "04_Array_Rotation\04_Array_Rotation.csproj", "{FA94D1B4-DE17-4C24-9BA7-43B9BA730EBA}"
EndProject
Project("{FAE04EC0-301F-11D3-BF4B-00C04F79EFBC}") = "05_Top_Integer", "05_Top_Integer\05_Top_Integer.csproj", "{082B168D-DC47-453C-8F39-42E02EE59E2B}"
EndProject
Project("{FAE04EC0-301F-11D3-BF4B-00C04F79EFBC}") = "06_Equal_Sums", "06_Equal_Sums\06_Equal_Sums.csproj", "{2208269E-273B-4253-A77F-C66A535D9201}"
EndProject
Project("{FAE04EC0-301F-11D3-BF4B-00C04F79EFBC}") = "07_Max_Sequence_equal_elements", "07_Max_Sequence_equal_elements\07_Max_Sequence_equal_elements.csproj", "{15DC28D3-3DB6-4008-9309-79AB55324FEC}"
EndProject
Project("{FAE04EC0-301F-11D3-BF4B-00C04F79EFBC}") = "08_Magic_Sum", "08_Magic_Sum\08_Magic_Sum.csproj", "{C2049112-D965-4C4D-8474-15DF9998B94C}"
EndProject
Project("{FAE04EC0-301F-11D3-BF4B-00C04F79EFBC}") = "09_Kamino_Lab", "09_Kamino_Lab\09_Kamino_Lab.csproj", "{7C98D700-A402-41F6-B3DF-73BDB1748EC8}"
EndProject
Global
	GlobalSection(SolutionConfigurationPlatforms) = preSolution
		Debug|Any CPU = Debug|Any CPU
		Release|Any CPU = Release|Any CPU
	EndGlobalSection
	GlobalSection(ProjectConfigurationPlatforms) = postSolution
		{E51EECE1-A357-44A0-A352-E30CC77FB259}.Debug|Any CPU.ActiveCfg = Debug|Any CPU
		{E51EECE1-A357-44A0-A352-E30CC77FB259}.Debug|Any CPU.Build.0 = Debug|Any CPU
		{E51EECE1-A357-44A0-A352-E30CC77FB259}.Release|Any CPU.ActiveCfg = Release|Any CPU
		{E51EECE1-A357-44A0-A352-E30CC77FB259}.Release|Any CPU.Build.0 = Release|Any CPU
		{253C3415-04A9-4C0A-AFF1-F58105B48E63}.Debug|Any CPU.ActiveCfg = Debug|Any CPU
		{253C3415-04A9-4C0A-AFF1-F58105B48E63}.Debug|Any CPU.Build.0 = Debug|Any CPU
		{253C3415-04A9-4C0A-AFF1-F58105B48E63}.Release|Any CPU.ActiveCfg = Release|Any CPU
		{253C3415-04A9-4C0A-AFF1-F58105B48E63}.Release|Any CPU.Build.0 = Release|Any CPU
		{4C496F28-4C20-4A1C-9FA3-B14B1E773D7A}.Debug|Any CPU.ActiveCfg = Debug|Any CPU
		{4C496F28-4C20-4A1C-9FA3-B14B1E773D7A}.Debug|Any CPU.Build.0 = Debug|Any CPU
		{4C496F28-4C20-4A1C-9FA3-B14B1E773D7A}.Release|Any CPU.ActiveCfg = Release|Any CPU
		{4C496F28-4C20-4A1C-9FA3-B14B1E773D7A}.Release|Any CPU.Build.0 = Release|Any CPU
		{FA94D1B4-DE17-4C24-9BA7-43B9BA730EBA}.Debug|Any CPU.ActiveCfg = Debug|Any CPU
		{FA94D1B4-DE17-4C24-9BA7-43B9BA730EBA}.Debug|Any CPU.Build.0 = Debug|Any CPU
		{FA94D1B4-DE17-4C24-9BA7-43B9BA730EBA}.Release|Any CPU.ActiveCfg = Release|Any CPU
		{FA94D1B4-DE17-4C24-9BA7-43B9BA730EBA}.Release|Any CPU.Build.0 = Release|Any CPU
		{082B168D-DC47-453C-8F39-42E02EE59E2B}.Debug|Any CPU.ActiveCfg = Debug|Any CPU
		{082B168D-DC47-453C-8F39-42E02EE59E2B}.Debug|Any CPU.Build.0 = Debug|Any CPU
		{082B168D-DC47-453C-8F39-42E02EE59E2B}.Release|Any CPU.ActiveCfg = Release|Any CPU
		{082B168D-DC47-453C-8F39-42E02EE59E2B}.Release|Any CPU.Build.0 = Release|Any CPU
		{2208269E-273B-4253-A77F-C66A535D9201}.Debug|Any CPU.ActiveCfg = Debug|Any CPU
		{2208269E-273B-4253-A77F-C66A535D9201}.Debug|Any CPU.Build.0 = Debug|Any CPU
		{2208269E-273B-4253-A77F-C66A535D9201}.Release|Any CPU.ActiveCfg = Release|Any CPU
		{2208269E-273B-4253-A77F-C66A535D9201}.Release|Any CPU.Build.0 = Release|Any CPU
		{15DC28D3-3DB6-4008-9309-79AB55324FEC}.Debug|Any CPU.ActiveCfg = Debug|Any CPU
		{15DC28D3-3DB6-4008-9309-79AB55324FEC}.Debug|Any CPU.Build.0 = Debug|Any CPU
		{15DC28D3-3DB6-4008-9309-79AB55324FEC}.Release|Any CPU.ActiveCfg = Release|Any CPU
		{15DC28D3-3DB6-4008-9309-79AB55324FEC}.Release|Any CPU.Build.0 = Release|Any CPU
		{C2049112-D965-4C4D-8474-15DF9998B94C}.Debug|Any CPU.ActiveCfg = Debug|Any CPU
		{C2049112-D965-4C4D-8474-15DF9998B94C}.Debug|Any CPU.Build.0 = Debug|Any CPU
		{C2049112-D965-4C4D-8474-15DF9998B94C}.Release|Any CPU.ActiveCfg = Release|Any CPU
		{C2049112-D965-4C4D-8474-15DF9998B94C}.Release|Any CPU.Build.0 = Release|Any CPU
		{7C98D700-A402-41F6-B3DF-73BDB1748EC8}.Debug|Any CPU.ActiveCfg = Debug|Any CPU
		{7C98D700-A402-41F6-B3DF-73BDB1748EC8}.Debug|Any CPU.Build.0 = Debug|Any CPU
		{7C98D700-A402-41F6-B3DF-73BDB1748EC8}.Release|Any CPU.ActiveCfg = Release|Any CPU
		{7C98D700-A402-41F6-B3DF-73BDB1748EC8}.Release|Any CPU.Build.0 = Release|Any CPU
	EndGlobalSection
	GlobalSection(SolutionProperties) = preSolution
		HideSolutionNode = FALSE
	EndGlobalSection
	GlobalSection(ExtensibilityGlobals) = postSolution
		SolutionGuid = {C350121A-1B23-4884-A430-5F8634658006}
	EndGlobalSection
EndGlobal
